{
  "name": "fl23",
  "lockfileVersion": 3,
  "requires": true,
  "packages": {
    "": {
      "dependencies": {
        "@devcontainers/cli": "^0.51.3"
      }
    },
    "node_modules/@devcontainers/cli": {
      "version": "0.51.3",
      "resolved": "https://registry.npmjs.org/@devcontainers/cli/-/cli-0.51.3.tgz",
      "integrity": "sha512-nD9j74xgNjYHmps/uxtCvXl1Qm8AKoRUCGktHyIlixjEt23mhIb3oXE598puLmKURbzNEVHyhscfM9BB2bOPRA==",
      "bin": {
        "devcontainer": "devcontainer.js"
      },
      "engines": {
        "node": "^16.13.0 || >=18.0.0"
      }
    }
  }
}
